<?xml version="1.0" encoding="utf-8"?>
<Project ToolsVersion="4.0" xmlns="http://schemas.microsoft.com/developer/msbuild/2003">
  <ItemGroup>
    <Filter Include="Source Files">
      <UniqueIdentifier>{4FC737F1-C7A5-4376-A066-2A32D752A2FF}</UniqueIdentifier>
      <Extensions>cpp;c;cc;cxx;c++;cppm;ixx;def;odl;idl;hpj;bat;asm;asmx</Extensions>
    </Filter>
    <Filter Include="Header Files">
      <UniqueIdentifier>{93995380-89BD-4b04-88EB-625FBE52EBFB}</UniqueIdentifier>
      <Extensions>h;hh;hpp;hxx;h++;hm;inl;inc;ipp;xsd</Extensions>
    </Filter>
    <Filter Include="Resource Files">
      <UniqueIdentifier>{67DA6AB6-F800-4c08-8B7A-83BB121AAD01}</UniqueIdentifier>
      <Extensions>rc;ico;cur;bmp;dlg;rc2;rct;bin;rgs;gif;jpg;jpeg;jpe;resx;tiff;tif;png;wav;mfcribbon-ms</Extensions>
    </Filter>
    <Filter Include="Header Files\runtime">
      <UniqueIdentifier>{af28a5bc-b55d-4f81-9ade-5abfc252d466}</UniqueIdentifier>
    </Filter>
    <Filter Include="Source Files\runtime">
      <UniqueIdentifier>{40733ab9-dba9-4269-b480-bda91202481e}</UniqueIdentifier>
    </Filter>
    <Filter Include="Header Files\runtime\machine">
      <UniqueIdentifier>{ead485c8-e73a-4171-8605-ba644fd3fb5e}</UniqueIdentifier>
    </Filter>
    <Filter Include="Source Files\runtime\machine">
      <UniqueIdentifier>{8c5d7cf7-12bb-4f17-95f3-97793514cb73}</UniqueIdentifier>
    </Filter>
  </ItemGroup>
  <ItemGroup>
    <ClCompile Include="source.c">
      <Filter>Source Files</Filter>
    </ClCompile>
    <ClCompile Include="value.c">
      <Filter>Source Files\runtime</Filter>
    </ClCompile>
    <ClCompile Include="garbage.c">
      <Filter>Source Files\runtime</Filter>
    </ClCompile>
    <ClCompile Include="collection.c">
      <Filter>Source Files\runtime</Filter>
    </ClCompile>
    <ClCompile Include="variable.c">
      <Filter>Source Files\runtime</Filter>
    </ClCompile>
    <ClCompile Include="machine.c">
      <Filter>Source Files\runtime\machine</Filter>
    </ClCompile>
    <ClCompile Include="chunk.c">
      <Filter>Source Files\runtime\machine</Filter>
    </ClCompile>
    <ClCompile Include="label.c">
      <Filter>Source Files\runtime\machine</Filter>
    </ClCompile>
    <ClCompile Include="operator.c">
      <Filter>Source Files\runtime</Filter>
    </ClCompile>
  </ItemGroup>
  <ItemGroup>
    <ClInclude Include="value.h">
      <Filter>Header Files\runtime</Filter>
    </ClInclude>
    <ClInclude Include="garbage.h">
      <Filter>Header Files\runtime</Filter>
    </ClInclude>
    <ClInclude Include="collection.h">
      <Filter>Header Files\runtime</Filter>
    </ClInclude>
    <ClInclude Include="variable.h">
      <Filter>Header Files\runtime</Filter>
    </ClInclude>
    <ClInclude Include="machine.h">
      <Filter>Header Files\runtime\machine</Filter>
    </ClInclude>
    <ClInclude Include="chunk.h">
      <Filter>Header Files\runtime\machine</Filter>
    </ClInclude>
    <ClInclude Include="labels.h">
      <Filter>Header Files\runtime\machine</Filter>
    </ClInclude>
    <ClInclude Include="error.h">
      <Filter>Header Files</Filter>
    </ClInclude>
    <ClInclude Include="operators.h">
      <Filter>Header Files\runtime</Filter>
    </ClInclude>
  </ItemGroup>
</Project>